<?xml version="1.0" encoding="UTF-8"?>
<Scheme
   version = "1.3">
   <BuildAction>
      <BuildActionEntries>
         <BuildActionEntry
            buildForRunning = "YES"
            buildForTesting = "YES">
            <BuildableReference
               BuildableIdentifier = "primary"
               BlueprintIdentifier = "2DCFAA671A800ACB00FA2ECC"
               BuildableName = "Braintree-Apple-Pay-Excluded-Build-Specs.xctest"
               BlueprintName = "Braintree-Apple-Pay-Excluded-Build-Specs"
               ReferencedContainer = "container:Braintree.xcodeproj">
            </BuildableReference>
         </BuildActionEntry>
      </BuildActionEntries>
   </BuildAction>
   <TestAction
      buildConfiguration = "Debug">
      <Testables>
         <TestableReference>
            <BuildableReference
               BuildableIdentifier = "primary"
               BlueprintIdentifier = "2DCFAA671A800ACB00FA2ECC"
               BuildableName = "Braintree-Apple-Pay-Excluded-Build-Specs.xctest"
               BlueprintName = "Braintree-Apple-Pay-Excluded-Build-Specs"
               ReferencedContainer = "container:Braintree.xcodeproj">
            </BuildableReference>
         </TestableReference>
      </Testables>
   </TestAction>
   <LaunchAction
      useCustomWorkingDirectory = "NO">
   </LaunchAction>
</Scheme>
